dependencies:
- name: postgresql
  repository: oci://registry-1.docker.io/bitnamicharts
  version: 18.4.0
- name: nats
  repository: https://nats-io.github.io/k8s/helm/charts
  version: 2.14.0
digest: sha256:3d067e28a3152115e5802a6321be3ca4b452ef2ea1daa76c098639051b92f5e5
generated: "2026-06-08T19:43:27.978380367+05:30"
