dependencies:
- name: postgresql
  repository: oci://registry-1.docker.io/bitnamicharts
  version: 18.4.0
- name: nats
  repository: https://nats-io.github.io/k8s/helm/charts
  version: 2.14.0
- name: redis
  repository: oci://registry-1.docker.io/bitnamicharts
  version: 23.1.1
digest: sha256:5024e881ed2445aab0466305e75bdb4bf2b749897c25ba85c1b4154cb8b49f4b
generated: "2026-06-14T01:27:40.774242789+05:30"
